
Microsoft Visual Studio Solution File, Format Version 12.00
# Visual Studio Version 17
VisualStudioVersion = 17.1.32421.90
MinimumVisualStudioVersion = 10.0.40219.1
Project("{9A19103F-16F7-4668-BE54-9A1E7A4F7556}") = "BusinessObjects", "BusinessObjects\BusinessObjects.csproj", "{A58B3188-AD3C-494F-A7F4-17222A57AD8F}"
EndProject
Project("{9A19103F-16F7-4668-BE54-9A1E7A4F7556}") = "DataAccess", "DataAccess\DataAccess.csproj", "{233C78A2-36C4-448D-BE4D-6A3033322770}"
EndProject
Project("{9A19103F-16F7-4668-BE54-9A1E7A4F7556}") = "test", "test\test.csproj", "{F6105BE0-BFA9-471A-BAF7-C1DA83802CA4}"
EndProject
Project("{FAE04EC0-301F-11D3-BF4B-00C04F79EFBC}") = "BookstoreAPI", "BookstoreAPI\BookstoreAPI.csproj", "{942E1E4E-E2F0-4A4E-BC79-4426A15FA82C}"
EndProject
Global
	GlobalSection(SolutionConfigurationPlatforms) = preSolution
		Debug|Any CPU = Debug|Any CPU
		Release|Any CPU = Release|Any CPU
	EndGlobalSection
	GlobalSection(ProjectConfigurationPlatforms) = postSolution
		{A58B3188-AD3C-494F-A7F4-17222A57AD8F}.Debug|Any CPU.ActiveCfg = Debug|Any CPU
		{A58B3188-AD3C-494F-A7F4-17222A57AD8F}.Debug|Any CPU.Build.0 = Debug|Any CPU
		{A58B3188-AD3C-494F-A7F4-17222A57AD8F}.Release|Any CPU.ActiveCfg = Release|Any CPU
		{A58B3188-AD3C-494F-A7F4-17222A57AD8F}.Release|Any CPU.Build.0 = Release|Any CPU
		{233C78A2-36C4-448D-BE4D-6A3033322770}.Debug|Any CPU.ActiveCfg = Debug|Any CPU
		{233C78A2-36C4-448D-BE4D-6A3033322770}.Debug|Any CPU.Build.0 = Debug|Any CPU
		{233C78A2-36C4-448D-BE4D-6A3033322770}.Release|Any CPU.ActiveCfg = Release|Any CPU
		{233C78A2-36C4-448D-BE4D-6A3033322770}.Release|Any CPU.Build.0 = Release|Any CPU
		{F6105BE0-BFA9-471A-BAF7-C1DA83802CA4}.Debug|Any CPU.ActiveCfg = Debug|Any CPU
		{F6105BE0-BFA9-471A-BAF7-C1DA83802CA4}.Debug|Any CPU.Build.0 = Debug|Any CPU
		{F6105BE0-BFA9-471A-BAF7-C1DA83802CA4}.Release|Any CPU.ActiveCfg = Release|Any CPU
		{F6105BE0-BFA9-471A-BAF7-C1DA83802CA4}.Release|Any CPU.Build.0 = Release|Any CPU
		{942E1E4E-E2F0-4A4E-BC79-4426A15FA82C}.Debug|Any CPU.ActiveCfg = Debug|Any CPU
		{942E1E4E-E2F0-4A4E-BC79-4426A15FA82C}.Debug|Any CPU.Build.0 = Debug|Any CPU
		{942E1E4E-E2F0-4A4E-BC79-4426A15FA82C}.Release|Any CPU.ActiveCfg = Release|Any CPU
		{942E1E4E-E2F0-4A4E-BC79-4426A15FA82C}.Release|Any CPU.Build.0 = Release|Any CPU
	EndGlobalSection
	GlobalSection(SolutionProperties) = preSolution
		HideSolutionNode = FALSE
	EndGlobalSection
	GlobalSection(ExtensibilityGlobals) = postSolution
		SolutionGuid = {A62391DD-31CB-4ED4-AB65-7DC0A2745077}
	EndGlobalSection
EndGlobal
